{
  "name": "render",
  "version": "1.0.0",
  "lockfileVersion": 1,
  "requires": true,
  "dependencies": {
    "@types/three": {
      "version": "0.84.27",
      "resolved": "https://registry.npmjs.org/@types/three/-/three-0.84.27.tgz",
      "integrity": "sha512-oZrtvrIdEb9gO1ODUdHZhqMYuqmrLzTQ+ebNLLNGOB9BHIEvTC+rTIwWeuYM8nuKWWOozn6fA7o1+i7n+S0Fjg==",
      "requires": {
        "@types/webvr-api": "0.0.31"
      }
    },
    "@types/webvr-api": {
      "version": "0.0.31",
      "resolved": "https://registry.npmjs.org/@types/webvr-api/-/webvr-api-0.0.31.tgz",
      "integrity": "sha1-9gYf6IoDXTSotqDFX4dYkB7IoI4="
    }
  }
}
